{
  "nodes": {
    "flake-parts": {
      "inputs": {
        "nixpkgs-lib": [
          "nixpkgs"
        ]
      },
      "locked": {
        "lastModified": 1790898470,
        "narHash": "sha256-zTwuwezD0w3hpga6a6P8emidzAZFyWqlNeRBlpWOOl8=",
        "owner": "hercules-ci",
        "repo": "flake-parts",
        "rev": "024633cd702b10285db5cb19b40ad48d2399ba60",
        "type": "github"
      },
      "original": {
        "owner": "hercules-ci",
        "repo": "flake-parts",
        "type": "github"
      }
    },
    "flake-parts_2": {
      "inputs": {
        "nixpkgs-lib": [
          "go-nix-helpers",
          "nixpkgs"
        ]
      },
      "locked": {
        "lastModified": 1790898470,
        "narHash": "sha256-zTwuwezD0w3hpga6a6P8emidzAZFyWqlNeRBlpWOOl8=",
        "owner": "hercules-ci",
        "repo": "flake-parts",
        "rev": "024633cd702b10285db5cb19b40ad48d2399ba60",
        "type": "github"
      },
      "original": {
        "owner": "hercules-ci",
        "repo": "flake-parts",
        "type": "github"
      }
    },
    "go-atomic-write": {
      "flake": false,
      "locked": {
        "lastModified": 1790108897,
        "narHash": "sha256-kBqIYleR5cF1gsyt6wMIr80uaceZcHWyAfV4h5QFk3M=",
        "owner": "LarsArtmann",
        "repo": "go-atomic-write",
        "rev": "2234e1d464ac7d3b2fd49cd0c497d0d3075a3a8f",
        "type": "github"
      },
      "original": {
        "owner": "LarsArtmann",
        "ref": "refs/tags/v0.6.0",
        "repo": "go-atomic-write",
        "type": "github"
      }
    },
    "go-error-family": {
      "flake": false,
      "locked": {
        "lastModified": 1790635349,
        "narHash": "sha256-KhLv/Szlch6g4K8o+paKhEvifTAF7oSM8y1dmBNn7WU=",
        "owner": "LarsArtmann",
        "repo": "go-error-family",
        "rev": "2d0679e03652e6244c5b6bbbcaa935fbf57e78ef",
        "type": "github"
      },
      "original": {
        "owner": "LarsArtmann",
        "ref": "refs/tags/v0.11.0",
        "repo": "go-error-family",
        "type": "github"
      }
    },
    "go-finding": {
      "flake": false,
      "locked": {
        "lastModified": 1790822406,
        "narHash": "sha256-JK8z+2jK9yf7osrzGgNThzRrfyA5M1DeI0zvq18fTwI=",
        "owner": "LarsArtmann",
        "repo": "go-finding",
        "rev": "f394f54d28fb48dd42a53ea6e1f53fcf19745bb4",
        "type": "github"
      },
      "original": {
        "owner": "LarsArtmann",
        "ref": "refs/tags/toolsdk/v1.14.0",
        "repo": "go-finding",
        "type": "github"
      }
    },
    "go-nix-helpers": {
      "inputs": {
        "flake-parts": "flake-parts_2",
        "nixpkgs": [
          "nixpkgs"
        ],
        "treefmt-nix": "treefmt-nix"
      },
      "locked": {
        "lastModified": 1791359181,
        "narHash": "sha256-OkiOWUgLc6dwHXTS58hix19lQRhZ704iCiW0nqbvkxA=",
        "owner": "LarsArtmann",
        "repo": "go-nix-helpers",
        "rev": "ad423c8f97963d875e351e7752ab72687c24df80",
        "type": "github"
      },
      "original": {
        "owner": "LarsArtmann",
        "repo": "go-nix-helpers",
        "type": "github"
      }
    },
    "nixpkgs": {
      "locked": {
        "lastModified": 1791456040,
        "narHash": "sha256-H83yz/do+hjOO0uujHyH8RgtIQP2v7Mw+cLwcZK/xKc=",
        "owner": "NixOS",
        "repo": "nixpkgs",
        "rev": "e7439b6b14ad3cc35d05608ebca9bce01a25f5f8",
        "type": "github"
      },
      "original": {
        "owner": "NixOS",
        "ref": "nixos-unstable",
        "repo": "nixpkgs",
        "type": "github"
      }
    },
    "root": {
      "inputs": {
        "flake-parts": "flake-parts",
        "go-atomic-write": "go-atomic-write",
        "go-error-family": "go-error-family",
        "go-finding": "go-finding",
        "go-nix-helpers": "go-nix-helpers",
        "nixpkgs": "nixpkgs"
      }
    },
    "treefmt-nix": {
      "inputs": {
        "nixpkgs": [
          "go-nix-helpers",
          "nixpkgs"
        ]
      },
      "locked": {
        "lastModified": 1786901030,
        "narHash": "sha256-WSFCsDSE5ffgD2MqzkM2CYjeFiKhRF/dJUN8uedb6YE=",
        "owner": "numtide",
        "repo": "treefmt-nix",
        "rev": "27b3b12a8e6375f28ebe122f07d230ca5459bbfa",
        "type": "github"
      },
      "original": {
        "owner": "numtide",
        "repo": "treefmt-nix",
        "type": "github"
      }
    }
  },
  "root": "root",
  "version": 7
}
